
Microsoft Visual Studio Solution File, Format Version 12.00
# Visual Studio Version 17
VisualStudioVersion = 17.1.32210.238
MinimumVisualStudioVersion = 10.0.40219.1
Project("{FAE04EC0-301F-11D3-BF4B-00C04F79EFBC}") = "GithubActionDotNetSample", "GithubActionDotNetSample\GithubActionDotNetSample.csproj", "{E894EEB7-6F73-4530-9123-F6F15B2006EA}"
EndProject
Global
	GlobalSection(SolutionConfigurationPlatforms) = preSolution
		Debug|Any CPU = Debug|Any CPU
		Release|Any CPU = Release|Any CPU
	EndGlobalSection
	GlobalSection(ProjectConfigurationPlatforms) = postSolution
		{E894EEB7-6F73-4530-9123-F6F15B2006EA}.Debug|Any CPU.ActiveCfg = Debug|Any CPU
		{E894EEB7-6F73-4530-9123-F6F15B2006EA}.Debug|Any CPU.Build.0 = Debug|Any CPU
		{E894EEB7-6F73-4530-9123-F6F15B2006EA}.Release|Any CPU.ActiveCfg = Release|Any CPU
		{E894EEB7-6F73-4530-9123-F6F15B2006EA}.Release|Any CPU.Build.0 = Release|Any CPU
	EndGlobalSection
	GlobalSection(SolutionProperties) = preSolution
		HideSolutionNode = FALSE
	EndGlobalSection
	GlobalSection(ExtensibilityGlobals) = postSolution
		SolutionGuid = {92905EE4-C7BE-4C07-8BE9-D3F638C8AB4B}
	EndGlobalSection
EndGlobal
